
Microsoft Visual Studio Solution File, Format Version 12.00
# Visual Studio Version 17
VisualStudioVersion = 17.0.32014.148
MinimumVisualStudioVersion = 10.0.40219.1
Project("{FAE04EC0-301F-11D3-BF4B-00C04F79EFBC}") = "Day-01", "Hackerrank-30-days-challenge\Day-01.csproj", "{728C91C0-BAE3-48D8-89D7-02C3D50F9002}"
EndProject
Global
	GlobalSection(SolutionConfigurationPlatforms) = preSolution
		Debug|Any CPU = Debug|Any CPU
		Release|Any CPU = Release|Any CPU
	EndGlobalSection
	GlobalSection(ProjectConfigurationPlatforms) = postSolution
		{728C91C0-BAE3-48D8-89D7-02C3D50F9002}.Debug|Any CPU.ActiveCfg = Debug|Any CPU
		{728C91C0-BAE3-48D8-89D7-02C3D50F9002}.Debug|Any CPU.Build.0 = Debug|Any CPU
		{728C91C0-BAE3-48D8-89D7-02C3D50F9002}.Release|Any CPU.ActiveCfg = Release|Any CPU
		{728C91C0-BAE3-48D8-89D7-02C3D50F9002}.Release|Any CPU.Build.0 = Release|Any CPU
	EndGlobalSection
	GlobalSection(SolutionProperties) = preSolution
		HideSolutionNode = FALSE
	EndGlobalSection
	GlobalSection(ExtensibilityGlobals) = postSolution
		SolutionGuid = {1EFD4291-22D6-4112-BDB9-0E36EC9D585C}
	EndGlobalSection
EndGlobal
